
Microsoft Visual Studio Solution File, Format Version 12.00
# Visual Studio Version 16
VisualStudioVersion = 16.0.31727.386
MinimumVisualStudioVersion = 10.0.40219.1
Project("{8BC9CEB8-8B4A-11D0-8D11-00A0C91BC942}") = "MarchingCubes", "MarchingCubes\MarchingCubes.vcxproj", "{2F40CE4F-6EC0-41E0-9EDA-6056346C01B5}"
EndProject
Project("{8BC9CEB8-8B4A-11D0-8D11-00A0C91BC942}") = "CubeMarcherTests", "CubeMarcherTests\CubeMarcherTests.vcxproj", "{6AAFE6AA-CAA2-49D0-8A74-06D21FCED5C0}"
EndProject
Global
	GlobalSection(SolutionConfigurationPlatforms) = preSolution
		Debug|x64 = Debug|x64
		Debug|x86 = Debug|x86
		Release|x64 = Release|x64
		Release|x86 = Release|x86
	EndGlobalSection
	GlobalSection(ProjectConfigurationPlatforms) = postSolution
		{2F40CE4F-6EC0-41E0-9EDA-6056346C01B5}.Debug|x64.ActiveCfg = Debug|x64
		{2F40CE4F-6EC0-41E0-9EDA-6056346C01B5}.Debug|x64.Build.0 = Debug|x64
		{2F40CE4F-6EC0-41E0-9EDA-6056346C01B5}.Debug|x86.ActiveCfg = Debug|Win32
		{2F40CE4F-6EC0-41E0-9EDA-6056346C01B5}.Debug|x86.Build.0 = Debug|Win32
		{2F40CE4F-6EC0-41E0-9EDA-6056346C01B5}.Release|x64.ActiveCfg = Release|x64
		{2F40CE4F-6EC0-41E0-9EDA-6056346C01B5}.Release|x64.Build.0 = Release|x64
		{2F40CE4F-6EC0-41E0-9EDA-6056346C01B5}.Release|x86.ActiveCfg = Release|Win32
		{2F40CE4F-6EC0-41E0-9EDA-6056346C01B5}.Release|x86.Build.0 = Release|Win32
		{6AAFE6AA-CAA2-49D0-8A74-06D21FCED5C0}.Debug|x64.ActiveCfg = Debug|x64
		{6AAFE6AA-CAA2-49D0-8A74-06D21FCED5C0}.Debug|x64.Build.0 = Debug|x64
		{6AAFE6AA-CAA2-49D0-8A74-06D21FCED5C0}.Debug|x86.ActiveCfg = Debug|Win32
		{6AAFE6AA-CAA2-49D0-8A74-06D21FCED5C0}.Debug|x86.Build.0 = Debug|Win32
		{6AAFE6AA-CAA2-49D0-8A74-06D21FCED5C0}.Release|x64.ActiveCfg = Release|x64
		{6AAFE6AA-CAA2-49D0-8A74-06D21FCED5C0}.Release|x64.Build.0 = Release|x64
		{6AAFE6AA-CAA2-49D0-8A74-06D21FCED5C0}.Release|x86.ActiveCfg = Release|Win32
		{6AAFE6AA-CAA2-49D0-8A74-06D21FCED5C0}.Release|x86.Build.0 = Release|Win32
	EndGlobalSection
	GlobalSection(SolutionProperties) = preSolution
		HideSolutionNode = FALSE
	EndGlobalSection
	GlobalSection(ExtensibilityGlobals) = postSolution
		SolutionGuid = {4A411EC6-2BA9-4E5F-A1A3-93D3DC662D70}
	EndGlobalSection
EndGlobal
